// !$*UTF8*$!
{
	archiveVersion = 1;
	classes = {
	};
	objectVersion = 46;
	objects = {

/* Begin PBXBuildFile section */
		258F39E81A55824400ED7D38 /* AppDelegate.swift in Sources */ = {isa = PBXBuildFile; fileRef = 258F39E71A55824400ED7D38 /* AppDelegate.swift */; };
		258F39EA1A55824400ED7D38 /* SDConnectedController.swift in Sources */ = {isa = PBXBuildFile; fileRef = 258F39E91A55824400ED7D38 /* SDConnectedController.swift */; };
		258F39ED1A55824400ED7D38 /* Main.storyboard in Resources */ = {isa = PBXBuildFile; fileRef = 258F39EB1A55824400ED7D38 /* Main.storyboard */; };
		258F39EF1A55824400ED7D38 /* Images.xcassets in Resources */ = {isa = PBXBuildFile; fileRef = 258F39EE1A55824400ED7D38 /* Images.xcassets */; };
		258F39F21A55824400ED7D38 /* LaunchScreen.xib in Resources */ = {isa = PBXBuildFile; fileRef = 258F39F01A55824400ED7D38 /* LaunchScreen.xib */; };
		258F39FE1A55824500ED7D38 /* spacedentist_tv_iosTests.swift in Sources */ = {isa = PBXBuildFile; fileRef = 258F39FD1A55824500ED7D38 /* spacedentist_tv_iosTests.swift */; };
		258F3A091A55B0FE00ED7D38 /* SDCastChannel.swift in Sources */ = {isa = PBXBuildFile; fileRef = 258F3A081A55B0FE00ED7D38 /* SDCastChannel.swift */; };
		25D377C41A58751B00BE337C /* BebasNeue.ttf in Resources */ = {isa = PBXBuildFile; fileRef = 25D377C31A58751B00BE337C /* BebasNeue.ttf */; };
		25D377C71A58A0AE00BE337C /* SDConnectSheet.swift in Sources */ = {isa = PBXBuildFile; fileRef = 25D377C51A588CCB00BE337C /* SDConnectSheet.swift */; };
		25D377C91A58A22400BE337C /* SDDisconnectSheet.swift in Sources */ = {isa = PBXBuildFile; fileRef = 25D377C81A58A22400BE337C /* SDDisconnectSheet.swift */; };
		25D377CB1A5952EA00BE337C /* SDTabBarController.swift in Sources */ = {isa = PBXBuildFile; fileRef = 25D377CA1A5952EA00BE337C /* SDTabBarController.swift */; };
		25D377CD1A59572700BE337C /* SDDisconnectedController.swift in Sources */ = {isa = PBXBuildFile; fileRef = 25D377CC1A59572700BE337C /* SDDisconnectedController.swift */; };
		6CA3194F15E33B6535D3178C /* libPods.a in Frameworks */ = {isa = PBXBuildFile; fileRef = E3DEBDDEFCA20ECEA988625B /* libPods.a */; };
/* End PBXBuildFile section */

/* Begin PBXContainerItemProxy section */
		258F39F81A55824500ED7D38 /* PBXContainerItemProxy */ = {
			isa = PBXContainerItemProxy;
			containerPortal = 258F39DA1A55824400ED7D38 /* Project object */;
			proxyType = 1;
			remoteGlobalIDString = 258F39E11A55824400ED7D38;
			remoteInfo = "spacedentist-tv-ios";
		};
/* End PBXContainerItemProxy section */

/* Begin PBXFileReference section */
		258F39E21A55824400ED7D38 /* spacedentist-tv-ios.app */ = {isa = PBXFileReference; explicitFileType = wrapper.application; includeInIndex = 0; path = "spacedentist-tv-ios.app"; sourceTree = BUILT_PRODUCTS_DIR; };
		258F39E61A55824400ED7D38 /* Info.plist */ = {isa = PBXFileReference; lastKnownFileType = text.plist.xml; path = Info.plist; sourceTree = "<group>"; };
		258F39E71A55824400ED7D38 /* AppDelegate.swift */ = {isa = PBXFileReference; lastKnownFileType = sourcecode.swift; path = AppDelegate.swift; sourceTree = "<group>"; };
		258F39E91A55824400ED7D38 /* SDConnectedController.swift */ = {isa = PBXFileReference; lastKnownFileType = sourcecode.swift; path = SDConnectedController.swift; sourceTree = "<group>"; };
		258F39EC1A55824400ED7D38 /* Base */ = {isa = PBXFileReference; lastKnownFileType = file.storyboard; name = Base; path = Base.lproj/Main.storyboard; sourceTree = "<group>"; };
		258F39EE1A55824400ED7D38 /* Images.xcassets */ = {isa = PBXFileReference; lastKnownFileType = folder.assetcatalog; path = Images.xcassets; sourceTree = "<group>"; };
		258F39F11A55824400ED7D38 /* Base */ = {isa = PBXFileReference; lastKnownFileType = file.xib; name = Base; path = Base.lproj/LaunchScreen.xib; sourceTree = "<group>"; };
		258F39F71A55824500ED7D38 /* spacedentist-tv-iosTests.xctest */ = {isa = PBXFileReference; explicitFileType = wrapper.cfbundle; includeInIndex = 0; path = "spacedentist-tv-iosTests.xctest"; sourceTree = BUILT_PRODUCTS_DIR; };
		258F39FC1A55824500ED7D38 /* Info.plist */ = {isa = PBXFileReference; lastKnownFileType = text.plist.xml; path = Info.plist; sourceTree = "<group>"; };
		258F39FD1A55824500ED7D38 /* spacedentist_tv_iosTests.swift */ = {isa = PBXFileReference; lastKnownFileType = sourcecode.swift; path = spacedentist_tv_iosTests.swift; sourceTree = "<group>"; };
		258F3A071A55850200ED7D38 /* Bridging.h */ = {isa = PBXFileReference; lastKnownFileType = sourcecode.c.h; path = Bridging.h; sourceTree = "<group>"; };
		258F3A081A55B0FE00ED7D38 /* SDCastChannel.swift */ = {isa = PBXFileReference; fileEncoding = 4; lastKnownFileType = sourcecode.swift; path = SDCastChannel.swift; sourceTree = "<group>"; };
		25D377C31A58751B00BE337C /* BebasNeue.ttf */ = {isa = PBXFileReference; lastKnownFileType = file; name = BebasNeue.ttf; path = Resources/BebasNeue.ttf; sourceTree = "<group>"; };
		25D377C51A588CCB00BE337C /* SDConnectSheet.swift */ = {isa = PBXFileReference; fileEncoding = 4; lastKnownFileType = sourcecode.swift; path = SDConnectSheet.swift; sourceTree = "<group>"; };
		25D377C81A58A22400BE337C /* SDDisconnectSheet.swift */ = {isa = PBXFileReference; fileEncoding = 4; lastKnownFileType = sourcecode.swift; path = SDDisconnectSheet.swift; sourceTree = "<group>"; };
		25D377CA1A5952EA00BE337C /* SDTabBarController.swift */ = {isa = PBXFileReference; fileEncoding = 4; lastKnownFileType = sourcecode.swift; path = SDTabBarController.swift; sourceTree = "<group>"; };
		25D377CC1A59572700BE337C /* SDDisconnectedController.swift */ = {isa = PBXFileReference; fileEncoding = 4; lastKnownFileType = sourcecode.swift; path = SDDisconnectedController.swift; sourceTree = "<group>"; };
		868E545D8D51406184CD159A /* Pods.debug.xcconfig */ = {isa = PBXFileReference; includeInIndex = 1; lastKnownFileType = text.xcconfig; name = Pods.debug.xcconfig; path = "Pods/Target Support Files/Pods/Pods.debug.xcconfig"; sourceTree = "<group>"; };
		8775A9FA26CC43B37017D456 /* Pods.release.xcconfig */ = {isa = PBXFileReference; includeInIndex = 1; lastKnownFileType = text.xcconfig; name = Pods.release.xcconfig; path = "Pods/Target Support Files/Pods/Pods.release.xcconfig"; sourceTree = "<group>"; };
		E3DEBDDEFCA20ECEA988625B /* libPods.a */ = {isa = PBXFileReference; explicitFileType = archive.ar; includeInIndex = 0; path = libPods.a; sourceTree = BUILT_PRODUCTS_DIR; };
/* End PBXFileReference section */

/* Begin PBXFrameworksBuildPhase section */
		258F39DF1A55824400ED7D38 /* Frameworks */ = {
			isa = PBXFrameworksBuildPhase;
			buildActionMask = 2147483647;
			files = (
				6CA3194F15E33B6535D3178C /* libPods.a in Frameworks */,
			);
			runOnlyForDeploymentPostprocessing = 0;
		};
		258F39F41A55824500ED7D38 /* Frameworks */ = {
			isa = PBXFrameworksBuildPhase;
			buildActionMask = 2147483647;
			files = (
			);
			runOnlyForDeploymentPostprocessing = 0;
		};
/* End PBXFrameworksBuildPhase section */

/* Begin PBXGroup section */
		258F39D91A55824400ED7D38 = {
			isa = PBXGroup;
			children = (
				258F39E41A55824400ED7D38 /* spacedentist-tv-ios */,
				258F39FA1A55824500ED7D38 /* spacedentist-tv-iosTests */,
				258F39E31A55824400ED7D38 /* Products */,
				3448F0DCD5257EAB73FE5B37 /* Pods */,
				952D5F5C2FE573522EC95D74 /* Frameworks */,
			);
			sourceTree = "<group>";
		};
		258F39E31A55824400ED7D38 /* Products */ = {
			isa = PBXGroup;
			children = (
				258F39E21A55824400ED7D38 /* spacedentist-tv-ios.app */,
				258F39F71A55824500ED7D38 /* spacedentist-tv-iosTests.xctest */,
			);
			name = Products;
			sourceTree = "<group>";
		};
		258F39E41A55824400ED7D38 /* spacedentist-tv-ios */ = {
			isa = PBXGroup;
			children = (
				258F39E71A55824400ED7D38 /* AppDelegate.swift */,
				25D377CA1A5952EA00BE337C /* SDTabBarController.swift */,
				258F39E91A55824400ED7D38 /* SDConnectedController.swift */,
				25D377CC1A59572700BE337C /* SDDisconnectedController.swift */,
				25D377C51A588CCB00BE337C /* SDConnectSheet.swift */,
				25D377C81A58A22400BE337C /* SDDisconnectSheet.swift */,
				258F3A081A55B0FE00ED7D38 /* SDCastChannel.swift */,
				258F39EB1A55824400ED7D38 /* Main.storyboard */,
				258F39EE1A55824400ED7D38 /* Images.xcassets */,
				258F39F01A55824400ED7D38 /* LaunchScreen.xib */,
				258F3A071A55850200ED7D38 /* Bridging.h */,
				258F39E51A55824400ED7D38 /* Supporting Files */,
			);
			path = "spacedentist-tv-ios";
			sourceTree = "<group>";
		};
		258F39E51A55824400ED7D38 /* Supporting Files */ = {
			isa = PBXGroup;
			children = (
				25D377C31A58751B00BE337C /* BebasNeue.ttf */,
				258F39E61A55824400ED7D38 /* Info.plist */,
			);
			name = "Supporting Files";
			sourceTree = "<group>";
		};
		258F39FA1A55824500ED7D38 /* spacedentist-tv-iosTests */ = {
			isa = PBXGroup;
			children = (
				258F39FD1A55824500ED7D38 /* spacedentist_tv_iosTests.swift */,
				258F39FB1A55824500ED7D38 /* Supporting Files */,
			);
			path = "spacedentist-tv-iosTests";
			sourceTree = "<group>";
		};
		258F39FB1A55824500ED7D38 /* Supporting Files */ = {
			isa = PBXGroup;
			children = (
				258F39FC1A55824500ED7D38 /* Info.plist */,
			);
			name = "Supporting Files";
			sourceTree = "<group>";
		};
		3448F0DCD5257EAB73FE5B37 /* Pods */ = {
			isa = PBXGroup;
			children = (
				868E545D8D51406184CD159A /* Pods.debug.xcconfig */,
				8775A9FA26CC43B37017D456 /* Pods.release.xcconfig */,
			);
			name = Pods;
			sourceTree = "<group>";
		};
		952D5F5C2FE573522EC95D74 /* Frameworks */ = {
			isa = PBXGroup;
			children = (
				E3DEBDDEFCA20ECEA988625B /* libPods.a */,
			);
			name = Frameworks;
			sourceTree = "<group>";
		};
/* End PBXGroup section */

/* Begin PBXNativeTarget section */
		258F39E11A55824400ED7D38 /* spacedentist-tv-ios */ = {
			isa = PBXNativeTarget;
			buildConfigurationList = 258F3A011A55824500ED7D38 /* Build configuration list for PBXNativeTarget "spacedentist-tv-ios" */;
			buildPhases = (
				389724AA3B7D5F81487BA146 /* Check Pods Manifest.lock */,
				258F39DE1A55824400ED7D38 /* Sources */,
				258F39DF1A55824400ED7D38 /* Frameworks */,
				258F39E01A55824400ED7D38 /* Resources */,
				B7B8A758C7E73B0F83017B4B /* Copy Pods Resources */,
			);
			buildRules = (
			);
			dependencies = (
			);
			name = "spacedentist-tv-ios";
			productName = "spacedentist-tv-ios";
			productReference = 258F39E21A55824400ED7D38 /* spacedentist-tv-ios.app */;
			productType = "com.apple.product-type.application";
		};
		258F39F61A55824500ED7D38 /* spacedentist-tv-iosTests */ = {
			isa = PBXNativeTarget;
			buildConfigurationList = 258F3A041A55824500ED7D38 /* Build configuration list for PBXNativeTarget "spacedentist-tv-iosTests" */;
			buildPhases = (
				258F39F31A55824500ED7D38 /* Sources */,
				258F39F41A55824500ED7D38 /* Frameworks */,
				258F39F51A55824500ED7D38 /* Resources */,
			);
			buildRules = (
			);
			dependencies = (
				258F39F91A55824500ED7D38 /* PBXTargetDependency */,
			);
			name = "spacedentist-tv-iosTests";
			productName = "spacedentist-tv-iosTests";
			productReference = 258F39F71A55824500ED7D38 /* spacedentist-tv-iosTests.xctest */;
			productType = "com.apple.product-type.bundle.unit-test";
		};
/* End PBXNativeTarget section */

/* Begin PBXProject section */
		258F39DA1A55824400ED7D38 /* Project object */ = {
			isa = PBXProject;
			attributes = {
				LastUpgradeCheck = 0610;
				ORGANIZATIONNAME = "Michael Coffey";
				TargetAttributes = {
					258F39E11A55824400ED7D38 = {
						CreatedOnToolsVersion = 6.1.1;
					};
					258F39F61A55824500ED7D38 = {
						CreatedOnToolsVersion = 6.1.1;
						TestTargetID = 258F39E11A55824400ED7D38;
					};
				};
			};
			buildConfigurationList = 258F39DD1A55824400ED7D38 /* Build configuration list for PBXProject "spacedentist-tv-ios" */;
			compatibilityVersion = "Xcode 3.2";
			developmentRegion = English;
			hasScannedForEncodings = 0;
			knownRegions = (
				en,
				Base,
			);
			mainGroup = 258F39D91A55824400ED7D38;
			productRefGroup = 258F39E31A55824400ED7D38 /* Products */;
			projectDirPath = "";
			projectRoot = "";
			targets = (
				258F39E11A55824400ED7D38 /* spacedentist-tv-ios */,
				258F39F61A55824500ED7D38 /* spacedentist-tv-iosTests */,
			);
		};
/* End PBXProject section */

/* Begin PBXResourcesBuildPhase section */
		258F39E01A55824400ED7D38 /* Resources */ = {
			isa = PBXResourcesBuildPhase;
			buildActionMask = 2147483647;
			files = (
				258F39ED1A55824400ED7D38 /* Main.storyboard in Resources */,
				258F39F21A55824400ED7D38 /* LaunchScreen.xib in Resources */,
				258F39EF1A55824400ED7D38 /* Images.xcassets in Resources */,
				25D377C41A58751B00BE337C /* BebasNeue.ttf in Resources */,
			);
			runOnlyForDeploymentPostprocessing = 0;
		};
		258F39F51A55824500ED7D38 /* Resources */ = {
			isa = PBXResourcesBuildPhase;
			buildActionMask = 2147483647;
			files = (
			);
			runOnlyForDeploymentPostprocessing = 0;
		};
/* End PBXResourcesBuildPhase section */

/* Begin PBXShellScriptBuildPhase section */
		389724AA3B7D5F81487BA146 /* Check Pods Manifest.lock */ = {
			isa = PBXShellScriptBuildPhase;
			buildActionMask = 2147483647;
			files = (
			);
			inputPaths = (
			);
			name = "Check Pods Manifest.lock";
			outputPaths = (
			);
			runOnlyForDeploymentPostprocessing = 0;
			shellPath = /bin/sh;
			shellScript = "diff \"${PODS_ROOT}/../Podfile.lock\" \"${PODS_ROOT}/Manifest.lock\" > /dev/null\nif [[ $? != 0 ]] ; then\n    cat << EOM\nerror: The sandbox is not in sync with the Podfile.lock. Run 'pod install' or update your CocoaPods installation.\nEOM\n    exit 1\nfi\n";
			showEnvVarsInLog = 0;
		};
		B7B8A758C7E73B0F83017B4B /* Copy Pods Resources */ = {
			isa = PBXShellScriptBuildPhase;
			buildActionMask = 2147483647;
			files = (
			);
			inputPaths = (
			);
			name = "Copy Pods Resources";
			outputPaths = (
			);
			runOnlyForDeploymentPostprocessing = 0;
			shellPath = /bin/sh;
			shellScript = "\"${SRCROOT}/Pods/Target Support Files/Pods/Pods-resources.sh\"\n";
			showEnvVarsInLog = 0;
		};
/* End PBXShellScriptBuildPhase section */

/* Begin PBXSourcesBuildPhase section */
		258F39DE1A55824400ED7D38 /* Sources */ = {
			isa = PBXSourcesBuildPhase;
			buildActionMask = 2147483647;
			files = (
				25D377C91A58A22400BE337C /* SDDisconnectSheet.swift in Sources */,
				25D377CD1A59572700BE337C /* SDDisconnectedController.swift in Sources */,
				258F39EA1A55824400ED7D38 /* SDConnectedController.swift in Sources */,
				25D377CB1A5952EA00BE337C /* SDTabBarController.swift in Sources */,
				25D377C71A58A0AE00BE337C /* SDConnectSheet.swift in Sources */,
				258F3A091A55B0FE00ED7D38 /* SDCastChannel.swift in Sources */,
				258F39E81A55824400ED7D38 /* AppDelegate.swift in Sources */,
			);
			runOnlyForDeploymentPostprocessing = 0;
		};
		258F39F31A55824500ED7D38 /* Sources */ = {
			isa = PBXSourcesBuildPhase;
			buildActionMask = 2147483647;
			files = (
				258F39FE1A55824500ED7D38 /* spacedentist_tv_iosTests.swift in Sources */,
			);
			runOnlyForDeploymentPostprocessing = 0;
		};
/* End PBXSourcesBuildPhase section */

/* Begin PBXTargetDependency section */
		258F39F91A55824500ED7D38 /* PBXTargetDependency */ = {
			isa = PBXTargetDependency;
			target = 258F39E11A55824400ED7D38 /* spacedentist-tv-ios */;
			targetProxy = 258F39F81A55824500ED7D38 /* PBXContainerItemProxy */;
		};
/* End PBXTargetDependency section */

/* Begin PBXVariantGroup section */
		258F39EB1A55824400ED7D38 /* Main.storyboard */ = {
			isa = PBXVariantGroup;
			children = (
				258F39EC1A55824400ED7D38 /* Base */,
			);
			name = Main.storyboard;
			sourceTree = "<group>";
		};
		258F39F01A55824400ED7D38 /* LaunchScreen.xib */ = {
			isa = PBXVariantGroup;
			children = (
				258F39F11A55824400ED7D38 /* Base */,
			);
			name = LaunchScreen.xib;
			sourceTree = "<group>";
		};
/* End PBXVariantGroup section */

/* Begin XCBuildConfiguration section */
		258F39FF1A55824500ED7D38 /* Debug */ = {
			isa = XCBuildConfiguration;
			buildSettings = {
				ALWAYS_SEARCH_USER_PATHS = NO;
				CLANG_CXX_LANGUAGE_STANDARD = "gnu++0x";
				CLANG_CXX_LIBRARY = "libc++";
				CLANG_ENABLE_MODULES = YES;
				CLANG_ENABLE_OBJC_ARC = YES;
				CLANG_WARN_BOOL_CONVERSION = YES;
				CLANG_WARN_CONSTANT_CONVERSION = YES;
				CLANG_WARN_DIRECT_OBJC_ISA_USAGE = YES_ERROR;
				CLANG_WARN_EMPTY_BODY = YES;
				CLANG_WARN_ENUM_CONVERSION = YES;
				CLANG_WARN_INT_CONVERSION = YES;
				CLANG_WARN_OBJC_ROOT_CLASS = YES_ERROR;
				CLANG_WARN_UNREACHABLE_CODE = YES;
				CLANG_WARN__DUPLICATE_METHOD_MATCH = YES;
				"CODE_SIGN_IDENTITY[sdk=iphoneos*]" = "iPhone Developer";
				COPY_PHASE_STRIP = NO;
				ENABLE_STRICT_OBJC_MSGSEND = YES;
				GCC_C_LANGUAGE_STANDARD = gnu99;
				GCC_DYNAMIC_NO_PIC = NO;
				GCC_OPTIMIZATION_LEVEL = 0;
				GCC_PREPROCESSOR_DEFINITIONS = (
					"DEBUG=1",
					"$(inherited)",
				);
				GCC_SYMBOLS_PRIVATE_EXTERN = NO;
				GCC_WARN_64_TO_32_BIT_CONVERSION = YES;
				GCC_WARN_ABOUT_RETURN_TYPE = YES_ERROR;
				GCC_WARN_UNDECLARED_SELECTOR = YES;
				GCC_WARN_UNINITIALIZED_AUTOS = YES_AGGRESSIVE;
				GCC_WARN_UNUSED_FUNCTION = YES;
				GCC_WARN_UNUSED_VARIABLE = YES;
				IPHONEOS_DEPLOYMENT_TARGET = 7.0;
				MTL_ENABLE_DEBUG_INFO = YES;
				ONLY_ACTIVE_ARCH = YES;
				SDKROOT = iphoneos;
				SWIFT_OPTIMIZATION_LEVEL = "-Onone";
				TARGETED_DEVICE_FAMILY = "1,2";
			};
			name = Debug;
		};
		258F3A001A55824500ED7D38 /* Release */ = {
			isa = XCBuildConfiguration;
			buildSettings = {
				ALWAYS_SEARCH_USER_PATHS = NO;
				CLANG_CXX_LANGUAGE_STANDARD = "gnu++0x";
				CLANG_CXX_LIBRARY = "libc++";
				CLANG_ENABLE_MODULES = YES;
				CLANG_ENABLE_OBJC_ARC = YES;
				CLANG_WARN_BOOL_CONVERSION = YES;
				CLANG_WARN_CONSTANT_CONVERSION = YES;
				CLANG_WARN_DIRECT_OBJC_ISA_USAGE = YES_ERROR;
				CLANG_WARN_EMPTY_BODY = YES;
				CLANG_WARN_ENUM_CONVERSION = YES;
				CLANG_WARN_INT_CONVERSION = YES;
				CLANG_WARN_OBJC_ROOT_CLASS = YES_ERROR;
				CLANG_WARN_UNREACHABLE_CODE = YES;
				CLANG_WARN__DUPLICATE_METHOD_MATCH = YES;
				"CODE_SIGN_IDENTITY[sdk=iphoneos*]" = "iPhone Developer";
				COPY_PHASE_STRIP = YES;
				ENABLE_NS_ASSERTIONS = NO;
				ENABLE_STRICT_OBJC_MSGSEND = YES;
				GCC_C_LANGUAGE_STANDARD = gnu99;
				GCC_WARN_64_TO_32_BIT_CONVERSION = YES;
				GCC_WARN_ABOUT_RETURN_TYPE = YES_ERROR;
				GCC_WARN_UNDECLARED_SELECTOR = YES;
				GCC_WARN_UNINITIALIZED_AUTOS = YES_AGGRESSIVE;
				GCC_WARN_UNUSED_FUNCTION = YES;
				GCC_WARN_UNUSED_VARIABLE = YES;
				IPHONEOS_DEPLOYMENT_TARGET = 7.0;
				MTL_ENABLE_DEBUG_INFO = NO;
				SDKROOT = iphoneos;
				TARGETED_DEVICE_FAMILY = "1,2";
				VALIDATE_PRODUCT = YES;
			};
			name = Release;
		};
		258F3A021A55824500ED7D38 /* Debug */ = {
			isa = XCBuildConfiguration;
			baseConfigurationReference = 868E545D8D51406184CD159A /* Pods.debug.xcconfig */;
			buildSettings = {
				ASSETCATALOG_COMPILER_APPICON_NAME = AppIcon;
				INFOPLIST_FILE = "spacedentist-tv-ios/Info.plist";
				LD_RUNPATH_SEARCH_PATHS = "$(inherited) @executable_path/Frameworks";
				PRODUCT_NAME = "spacedentist-tv-ios";
				SWIFT_OBJC_BRIDGING_HEADER = "spacedentist-tv-ios/Bridging.h";
			};
			name = Debug;
		};
		258F3A031A55824500ED7D38 /* Release */ = {
			isa = XCBuildConfiguration;
			baseConfigurationReference = 8775A9FA26CC43B37017D456 /* Pods.release.xcconfig */;
			buildSettings = {
				ASSETCATALOG_COMPILER_APPICON_NAME = AppIcon;
				INFOPLIST_FILE = "spacedentist-tv-ios/Info.plist";
				LD_RUNPATH_SEARCH_PATHS = "$(inherited) @executable_path/Frameworks";
				PRODUCT_NAME = "spacedentist-tv-ios";
				SWIFT_OBJC_BRIDGING_HEADER = "spacedentist-tv-ios/Bridging.h";
			};
			name = Release;
		};
		258F3A051A55824500ED7D38 /* Debug */ = {
			isa = XCBuildConfiguration;
			buildSettings = {
				BUNDLE_LOADER = "$(TEST_HOST)";
				FRAMEWORK_SEARCH_PATHS = (
					"$(SDKROOT)/Developer/Library/Frameworks",
					"$(inherited)",
				);
				GCC_PREPROCESSOR_DEFINITIONS = (
					"DEBUG=1",
					"$(inherited)",
				);
				INFOPLIST_FILE = "spacedentist-tv-iosTests/Info.plist";
				LD_RUNPATH_SEARCH_PATHS = "$(inherited) @executable_path/Frameworks @loader_path/Frameworks";
				PRODUCT_NAME = "spacedentist-tv-iosTests";
				TEST_HOST = "$(BUILT_PRODUCTS_DIR)/spacedentist-tv-ios.app/spacedentist-tv-ios";
			};
			name = Debug;
		};
		258F3A061A55824500ED7D38 /* Release */ = {
			isa = XCBuildConfiguration;
			buildSettings = {
				BUNDLE_LOADER = "$(TEST_HOST)";
				FRAMEWORK_SEARCH_PATHS = (
					"$(SDKROOT)/Developer/Library/Frameworks",
					"$(inherited)",
				);
				INFOPLIST_FILE = "spacedentist-tv-iosTests/Info.plist";
				LD_RUNPATH_SEARCH_PATHS = "$(inherited) @executable_path/Frameworks @loader_path/Frameworks";
				PRODUCT_NAME = "spacedentist-tv-iosTests";
				TEST_HOST = "$(BUILT_PRODUCTS_DIR)/spacedentist-tv-ios.app/spacedentist-tv-ios";
			};
			name = Release;
		};
/* End XCBuildConfiguration section */

/* Begin XCConfigurationList section */
		258F39DD1A55824400ED7D38 /* Build configuration list for PBXProject "spacedentist-tv-ios" */ = {
			isa = XCConfigurationList;
			buildConfigurations = (
				258F39FF1A55824500ED7D38 /* Debug */,
				258F3A001A55824500ED7D38 /* Release */,
			);
			defaultConfigurationIsVisible = 0;
			defaultConfigurationName = Release;
		};
		258F3A011A55824500ED7D38 /* Build configuration list for PBXNativeTarget "spacedentist-tv-ios" */ = {
			isa = XCConfigurationList;
			buildConfigurations = (
				258F3A021A55824500ED7D38 /* Debug */,
				258F3A031A55824500ED7D38 /* Release */,
			);
			defaultConfigurationIsVisible = 0;
			defaultConfigurationName = Release;
		};
		258F3A041A55824500ED7D38 /* Build configuration list for PBXNativeTarget "spacedentist-tv-iosTests" */ = {
			isa = XCConfigurationList;
			buildConfigurations = (
				258F3A051A55824500ED7D38 /* Debug */,
				258F3A061A55824500ED7D38 /* Release */,
			);
			defaultConfigurationIsVisible = 0;
			defaultConfigurationName = Release;
		};
/* End XCConfigurationList section */
	};
	rootObject = 258F39DA1A55824400ED7D38 /* Project object */;
}
